
Microsoft Visual Studio Solution File, Format Version 12.00
# Visual Studio Version 16
VisualStudioVersion = 16.6.30114.105
MinimumVisualStudioVersion = 10.0.40219.1
Project("{2150E333-8FDC-42A3-9474-1A3956D46DE8}") = "src", "src", "{87F25DD8-A7E5-44D4-BF31-C5269264C144}"
EndProject
Project("{9A19103F-16F7-4668-BE54-9A1E7A4F7556}") = "Luizanac.QueryExtensions.Abstractions", "src\Luizanac.QueryExtensions.Abstractions\Luizanac.QueryExtensions.Abstractions.csproj", "{72C9C0EA-0B74-4559-A373-07C9261542DC}"
EndProject
Project("{9A19103F-16F7-4668-BE54-9A1E7A4F7556}") = "Luizanac.QueryExtensions", "src\Luizanac.QueryExtensions\Luizanac.QueryExtensions.csproj", "{2176C9CE-31E4-4E03-A703-16523D2ED78F}"
EndProject
Project("{FAE04EC0-301F-11D3-BF4B-00C04F79EFBC}") = "Luizanac.QueryExtensions.MongoDB", "src\Luizanac.QueryExtensions.MongoDB\Luizanac.QueryExtensions.MongoDB.csproj", "{C01AF375-E876-49CD-9095-5320FA0017A0}"
EndProject
Project("{2150E333-8FDC-42A3-9474-1A3956D46DE8}") = "samples", "samples", "{49359250-C16F-43D5-8DB7-D2E2D516A7A0}"
EndProject
Project("{FAE04EC0-301F-11D3-BF4B-00C04F79EFBC}") = "EntityFrameworkSample", "samples\EntityFrameworkSample\EntityFrameworkSample.csproj", "{F44EFB6B-669D-4DEA-BBAD-17DB709ABA10}"
EndProject
Project("{FAE04EC0-301F-11D3-BF4B-00C04F79EFBC}") = "MongoDBSample", "samples\MongoDBSample\MongoDBSample.csproj", "{054A6B1F-C77F-4B15-879F-3AE335242DB3}"
EndProject
Project("{FAE04EC0-301F-11D3-BF4B-00C04F79EFBC}") = "Shared", "samples\Shared\Shared.csproj", "{7B269D6C-E81A-4B2D-94F7-83A609EBFE27}"
EndProject
Global
	GlobalSection(SolutionConfigurationPlatforms) = preSolution
		Debug|Any CPU = Debug|Any CPU
		Debug|x64 = Debug|x64
		Debug|x86 = Debug|x86
		Release|Any CPU = Release|Any CPU
		Release|x64 = Release|x64
		Release|x86 = Release|x86
	EndGlobalSection
	GlobalSection(ProjectConfigurationPlatforms) = postSolution
		{72C9C0EA-0B74-4559-A373-07C9261542DC}.Debug|Any CPU.ActiveCfg = Debug|Any CPU
		{72C9C0EA-0B74-4559-A373-07C9261542DC}.Debug|Any CPU.Build.0 = Debug|Any CPU
		{72C9C0EA-0B74-4559-A373-07C9261542DC}.Debug|x64.ActiveCfg = Debug|Any CPU
		{72C9C0EA-0B74-4559-A373-07C9261542DC}.Debug|x64.Build.0 = Debug|Any CPU
		{72C9C0EA-0B74-4559-A373-07C9261542DC}.Debug|x86.ActiveCfg = Debug|Any CPU
		{72C9C0EA-0B74-4559-A373-07C9261542DC}.Debug|x86.Build.0 = Debug|Any CPU
		{72C9C0EA-0B74-4559-A373-07C9261542DC}.Release|Any CPU.ActiveCfg = Release|Any CPU
		{72C9C0EA-0B74-4559-A373-07C9261542DC}.Release|Any CPU.Build.0 = Release|Any CPU
		{72C9C0EA-0B74-4559-A373-07C9261542DC}.Release|x64.ActiveCfg = Release|Any CPU
		{72C9C0EA-0B74-4559-A373-07C9261542DC}.Release|x64.Build.0 = Release|Any CPU
		{72C9C0EA-0B74-4559-A373-07C9261542DC}.Release|x86.ActiveCfg = Release|Any CPU
		{72C9C0EA-0B74-4559-A373-07C9261542DC}.Release|x86.Build.0 = Release|Any CPU
		{2176C9CE-31E4-4E03-A703-16523D2ED78F}.Debug|Any CPU.ActiveCfg = Debug|Any CPU
		{2176C9CE-31E4-4E03-A703-16523D2ED78F}.Debug|Any CPU.Build.0 = Debug|Any CPU
		{2176C9CE-31E4-4E03-A703-16523D2ED78F}.Debug|x64.ActiveCfg = Debug|Any CPU
		{2176C9CE-31E4-4E03-A703-16523D2ED78F}.Debug|x64.Build.0 = Debug|Any CPU
		{2176C9CE-31E4-4E03-A703-16523D2ED78F}.Debug|x86.ActiveCfg = Debug|Any CPU
		{2176C9CE-31E4-4E03-A703-16523D2ED78F}.Debug|x86.Build.0 = Debug|Any CPU
		{2176C9CE-31E4-4E03-A703-16523D2ED78F}.Release|Any CPU.ActiveCfg = Release|Any CPU
		{2176C9CE-31E4-4E03-A703-16523D2ED78F}.Release|Any CPU.Build.0 = Release|Any CPU
		{2176C9CE-31E4-4E03-A703-16523D2ED78F}.Release|x64.ActiveCfg = Release|Any CPU
		{2176C9CE-31E4-4E03-A703-16523D2ED78F}.Release|x64.Build.0 = Release|Any CPU
		{2176C9CE-31E4-4E03-A703-16523D2ED78F}.Release|x86.ActiveCfg = Release|Any CPU
		{2176C9CE-31E4-4E03-A703-16523D2ED78F}.Release|x86.Build.0 = Release|Any CPU
		{C01AF375-E876-49CD-9095-5320FA0017A0}.Debug|Any CPU.ActiveCfg = Debug|Any CPU
		{C01AF375-E876-49CD-9095-5320FA0017A0}.Debug|Any CPU.Build.0 = Debug|Any CPU
		{C01AF375-E876-49CD-9095-5320FA0017A0}.Debug|x64.ActiveCfg = Debug|Any CPU
		{C01AF375-E876-49CD-9095-5320FA0017A0}.Debug|x64.Build.0 = Debug|Any CPU
		{C01AF375-E876-49CD-9095-5320FA0017A0}.Debug|x86.ActiveCfg = Debug|Any CPU
		{C01AF375-E876-49CD-9095-5320FA0017A0}.Debug|x86.Build.0 = Debug|Any CPU
		{C01AF375-E876-49CD-9095-5320FA0017A0}.Release|Any CPU.ActiveCfg = Release|Any CPU
		{C01AF375-E876-49CD-9095-5320FA0017A0}.Release|Any CPU.Build.0 = Release|Any CPU
		{C01AF375-E876-49CD-9095-5320FA0017A0}.Release|x64.ActiveCfg = Release|Any CPU
		{C01AF375-E876-49CD-9095-5320FA0017A0}.Release|x64.Build.0 = Release|Any CPU
		{C01AF375-E876-49CD-9095-5320FA0017A0}.Release|x86.ActiveCfg = Release|Any CPU
		{C01AF375-E876-49CD-9095-5320FA0017A0}.Release|x86.Build.0 = Release|Any CPU
		{F44EFB6B-669D-4DEA-BBAD-17DB709ABA10}.Debug|Any CPU.ActiveCfg = Debug|Any CPU
		{F44EFB6B-669D-4DEA-BBAD-17DB709ABA10}.Debug|Any CPU.Build.0 = Debug|Any CPU
		{F44EFB6B-669D-4DEA-BBAD-17DB709ABA10}.Debug|x64.ActiveCfg = Debug|Any CPU
		{F44EFB6B-669D-4DEA-BBAD-17DB709ABA10}.Debug|x64.Build.0 = Debug|Any CPU
		{F44EFB6B-669D-4DEA-BBAD-17DB709ABA10}.Debug|x86.ActiveCfg = Debug|Any CPU
		{F44EFB6B-669D-4DEA-BBAD-17DB709ABA10}.Debug|x86.Build.0 = Debug|Any CPU
		{F44EFB6B-669D-4DEA-BBAD-17DB709ABA10}.Release|Any CPU.ActiveCfg = Release|Any CPU
		{F44EFB6B-669D-4DEA-BBAD-17DB709ABA10}.Release|Any CPU.Build.0 = Release|Any CPU
		{F44EFB6B-669D-4DEA-BBAD-17DB709ABA10}.Release|x64.ActiveCfg = Release|Any CPU
		{F44EFB6B-669D-4DEA-BBAD-17DB709ABA10}.Release|x64.Build.0 = Release|Any CPU
		{F44EFB6B-669D-4DEA-BBAD-17DB709ABA10}.Release|x86.ActiveCfg = Release|Any CPU
		{F44EFB6B-669D-4DEA-BBAD-17DB709ABA10}.Release|x86.Build.0 = Release|Any CPU
		{054A6B1F-C77F-4B15-879F-3AE335242DB3}.Debug|Any CPU.ActiveCfg = Debug|Any CPU
		{054A6B1F-C77F-4B15-879F-3AE335242DB3}.Debug|Any CPU.Build.0 = Debug|Any CPU
		{054A6B1F-C77F-4B15-879F-3AE335242DB3}.Debug|x64.ActiveCfg = Debug|Any CPU
		{054A6B1F-C77F-4B15-879F-3AE335242DB3}.Debug|x64.Build.0 = Debug|Any CPU
		{054A6B1F-C77F-4B15-879F-3AE335242DB3}.Debug|x86.ActiveCfg = Debug|Any CPU
		{054A6B1F-C77F-4B15-879F-3AE335242DB3}.Debug|x86.Build.0 = Debug|Any CPU
		{054A6B1F-C77F-4B15-879F-3AE335242DB3}.Release|Any CPU.ActiveCfg = Release|Any CPU
		{054A6B1F-C77F-4B15-879F-3AE335242DB3}.Release|Any CPU.Build.0 = Release|Any CPU
		{054A6B1F-C77F-4B15-879F-3AE335242DB3}.Release|x64.ActiveCfg = Release|Any CPU
		{054A6B1F-C77F-4B15-879F-3AE335242DB3}.Release|x64.Build.0 = Release|Any CPU
		{054A6B1F-C77F-4B15-879F-3AE335242DB3}.Release|x86.ActiveCfg = Release|Any CPU
		{054A6B1F-C77F-4B15-879F-3AE335242DB3}.Release|x86.Build.0 = Release|Any CPU
		{7B269D6C-E81A-4B2D-94F7-83A609EBFE27}.Debug|Any CPU.ActiveCfg = Debug|Any CPU
		{7B269D6C-E81A-4B2D-94F7-83A609EBFE27}.Debug|Any CPU.Build.0 = Debug|Any CPU
		{7B269D6C-E81A-4B2D-94F7-83A609EBFE27}.Debug|x64.ActiveCfg = Debug|Any CPU
		{7B269D6C-E81A-4B2D-94F7-83A609EBFE27}.Debug|x64.Build.0 = Debug|Any CPU
		{7B269D6C-E81A-4B2D-94F7-83A609EBFE27}.Debug|x86.ActiveCfg = Debug|Any CPU
		{7B269D6C-E81A-4B2D-94F7-83A609EBFE27}.Debug|x86.Build.0 = Debug|Any CPU
		{7B269D6C-E81A-4B2D-94F7-83A609EBFE27}.Release|Any CPU.ActiveCfg = Release|Any CPU
		{7B269D6C-E81A-4B2D-94F7-83A609EBFE27}.Release|Any CPU.Build.0 = Release|Any CPU
		{7B269D6C-E81A-4B2D-94F7-83A609EBFE27}.Release|x64.ActiveCfg = Release|Any CPU
		{7B269D6C-E81A-4B2D-94F7-83A609EBFE27}.Release|x64.Build.0 = Release|Any CPU
		{7B269D6C-E81A-4B2D-94F7-83A609EBFE27}.Release|x86.ActiveCfg = Release|Any CPU
		{7B269D6C-E81A-4B2D-94F7-83A609EBFE27}.Release|x86.Build.0 = Release|Any CPU
	EndGlobalSection
	GlobalSection(SolutionProperties) = preSolution
		HideSolutionNode = FALSE
	EndGlobalSection
	GlobalSection(NestedProjects) = preSolution
		{72C9C0EA-0B74-4559-A373-07C9261542DC} = {87F25DD8-A7E5-44D4-BF31-C5269264C144}
		{2176C9CE-31E4-4E03-A703-16523D2ED78F} = {87F25DD8-A7E5-44D4-BF31-C5269264C144}
		{C01AF375-E876-49CD-9095-5320FA0017A0} = {87F25DD8-A7E5-44D4-BF31-C5269264C144}
		{F44EFB6B-669D-4DEA-BBAD-17DB709ABA10} = {49359250-C16F-43D5-8DB7-D2E2D516A7A0}
		{054A6B1F-C77F-4B15-879F-3AE335242DB3} = {49359250-C16F-43D5-8DB7-D2E2D516A7A0}
		{7B269D6C-E81A-4B2D-94F7-83A609EBFE27} = {49359250-C16F-43D5-8DB7-D2E2D516A7A0}
	EndGlobalSection
	GlobalSection(ExtensibilityGlobals) = postSolution
		SolutionGuid = {2EF42835-6E51-4849-973D-D1CD41833287}
	EndGlobalSection
EndGlobal
