
Microsoft Visual Studio Solution File, Format Version 12.00
# Visual Studio Version 16
VisualStudioVersion = 16.6.30114.105
MinimumVisualStudioVersion = 10.0.40219.1
Project("{2150E333-8FDC-42A3-9474-1A3956D46DE8}") = "src", "src", "{87F25DD8-A7E5-44D4-BF31-C5269264C144}"
EndProject
Project("{9A19103F-16F7-4668-BE54-9A1E7A4F7556}") = "Luizanac.QueryExtensions.Abstractions", "src\Luizanac.QueryExtensions.Abstractions\Luizanac.QueryExtensions.Abstractions.csproj", "{72C9C0EA-0B74-4559-A373-07C9261542DC}"
EndProject
Project("{9A19103F-16F7-4668-BE54-9A1E7A4F7556}") = "Luizanac.QueryExtensions", "src\Luizanac.QueryExtensions\Luizanac.QueryExtensions.csproj", "{2176C9CE-31E4-4E03-A703-16523D2ED78F}"
EndProject
Project("{9A19103F-16F7-4668-BE54-9A1E7A4F7556}") = "Luizanac.QueryExtensions.App", "src\Luizanac.QueryExtensions.App\Luizanac.QueryExtensions.App.csproj", "{6213C3A5-FCE0-464E-8B03-4FDE723D223E}"
EndProject
Global
	GlobalSection(SolutionConfigurationPlatforms) = preSolution
		Debug|Any CPU = Debug|Any CPU
		Debug|x64 = Debug|x64
		Debug|x86 = Debug|x86
		Release|Any CPU = Release|Any CPU
		Release|x64 = Release|x64
		Release|x86 = Release|x86
	EndGlobalSection
	GlobalSection(ProjectConfigurationPlatforms) = postSolution
		{72C9C0EA-0B74-4559-A373-07C9261542DC}.Debug|Any CPU.ActiveCfg = Debug|Any CPU
		{72C9C0EA-0B74-4559-A373-07C9261542DC}.Debug|Any CPU.Build.0 = Debug|Any CPU
		{72C9C0EA-0B74-4559-A373-07C9261542DC}.Debug|x64.ActiveCfg = Debug|Any CPU
		{72C9C0EA-0B74-4559-A373-07C9261542DC}.Debug|x64.Build.0 = Debug|Any CPU
		{72C9C0EA-0B74-4559-A373-07C9261542DC}.Debug|x86.ActiveCfg = Debug|Any CPU
		{72C9C0EA-0B74-4559-A373-07C9261542DC}.Debug|x86.Build.0 = Debug|Any CPU
		{72C9C0EA-0B74-4559-A373-07C9261542DC}.Release|Any CPU.ActiveCfg = Release|Any CPU
		{72C9C0EA-0B74-4559-A373-07C9261542DC}.Release|Any CPU.Build.0 = Release|Any CPU
		{72C9C0EA-0B74-4559-A373-07C9261542DC}.Release|x64.ActiveCfg = Release|Any CPU
		{72C9C0EA-0B74-4559-A373-07C9261542DC}.Release|x64.Build.0 = Release|Any CPU
		{72C9C0EA-0B74-4559-A373-07C9261542DC}.Release|x86.ActiveCfg = Release|Any CPU
		{72C9C0EA-0B74-4559-A373-07C9261542DC}.Release|x86.Build.0 = Release|Any CPU
		{2176C9CE-31E4-4E03-A703-16523D2ED78F}.Debug|Any CPU.ActiveCfg = Debug|Any CPU
		{2176C9CE-31E4-4E03-A703-16523D2ED78F}.Debug|Any CPU.Build.0 = Debug|Any CPU
		{2176C9CE-31E4-4E03-A703-16523D2ED78F}.Debug|x64.ActiveCfg = Debug|Any CPU
		{2176C9CE-31E4-4E03-A703-16523D2ED78F}.Debug|x64.Build.0 = Debug|Any CPU
		{2176C9CE-31E4-4E03-A703-16523D2ED78F}.Debug|x86.ActiveCfg = Debug|Any CPU
		{2176C9CE-31E4-4E03-A703-16523D2ED78F}.Debug|x86.Build.0 = Debug|Any CPU
		{2176C9CE-31E4-4E03-A703-16523D2ED78F}.Release|Any CPU.ActiveCfg = Release|Any CPU
		{2176C9CE-31E4-4E03-A703-16523D2ED78F}.Release|Any CPU.Build.0 = Release|Any CPU
		{2176C9CE-31E4-4E03-A703-16523D2ED78F}.Release|x64.ActiveCfg = Release|Any CPU
		{2176C9CE-31E4-4E03-A703-16523D2ED78F}.Release|x64.Build.0 = Release|Any CPU
		{2176C9CE-31E4-4E03-A703-16523D2ED78F}.Release|x86.ActiveCfg = Release|Any CPU
		{2176C9CE-31E4-4E03-A703-16523D2ED78F}.Release|x86.Build.0 = Release|Any CPU
		{6213C3A5-FCE0-464E-8B03-4FDE723D223E}.Debug|Any CPU.ActiveCfg = Debug|Any CPU
		{6213C3A5-FCE0-464E-8B03-4FDE723D223E}.Debug|Any CPU.Build.0 = Debug|Any CPU
		{6213C3A5-FCE0-464E-8B03-4FDE723D223E}.Debug|x64.ActiveCfg = Debug|Any CPU
		{6213C3A5-FCE0-464E-8B03-4FDE723D223E}.Debug|x64.Build.0 = Debug|Any CPU
		{6213C3A5-FCE0-464E-8B03-4FDE723D223E}.Debug|x86.ActiveCfg = Debug|Any CPU
		{6213C3A5-FCE0-464E-8B03-4FDE723D223E}.Debug|x86.Build.0 = Debug|Any CPU
		{6213C3A5-FCE0-464E-8B03-4FDE723D223E}.Release|Any CPU.ActiveCfg = Release|Any CPU
		{6213C3A5-FCE0-464E-8B03-4FDE723D223E}.Release|Any CPU.Build.0 = Release|Any CPU
		{6213C3A5-FCE0-464E-8B03-4FDE723D223E}.Release|x64.ActiveCfg = Release|Any CPU
		{6213C3A5-FCE0-464E-8B03-4FDE723D223E}.Release|x64.Build.0 = Release|Any CPU
		{6213C3A5-FCE0-464E-8B03-4FDE723D223E}.Release|x86.ActiveCfg = Release|Any CPU
		{6213C3A5-FCE0-464E-8B03-4FDE723D223E}.Release|x86.Build.0 = Release|Any CPU
	EndGlobalSection
	GlobalSection(SolutionProperties) = preSolution
		HideSolutionNode = FALSE
	EndGlobalSection
	GlobalSection(NestedProjects) = preSolution
		{72C9C0EA-0B74-4559-A373-07C9261542DC} = {87F25DD8-A7E5-44D4-BF31-C5269264C144}
		{2176C9CE-31E4-4E03-A703-16523D2ED78F} = {87F25DD8-A7E5-44D4-BF31-C5269264C144}
		{6213C3A5-FCE0-464E-8B03-4FDE723D223E} = {87F25DD8-A7E5-44D4-BF31-C5269264C144}
	EndGlobalSection
	GlobalSection(ExtensibilityGlobals) = postSolution
		SolutionGuid = {2EF42835-6E51-4849-973D-D1CD41833287}
	EndGlobalSection
EndGlobal
